{
  "name": "tg-mini-shop",
  "version": "0.1.0",
  "lockfileVersion": 3,
  "requires": true,
  "packages": {
    "": {
      "name": "tg-mini-shop",
      "version": "0.1.0"
    },
    "client": {
      "name": "tg-mini-shop-client",
      "version": "0.1.0",
      "extraneous": true,
      "dependencies": {
        "react": "^18.3.1",
        "react-dom": "^18.3.1",
        "tg-mini-shop": "file:.."
      },
      "devDependencies": {
        "@vitejs/plugin-react": "^4.3.2",
        "vite": "^5.4.8"
      }
    },
    "server": {
      "name": "tg-mini-shop-server",
      "version": "0.1.0",
      "extraneous": true,
      "dependencies": {
        "cors": "^2.8.5",
        "dotenv": "^16.6.1",
        "express": "^4.21.2",
        "sqlite3": "^5.1.7"
      }
    }
  }
}
